// !$*UTF8*$!
{
	archiveVersion = 1;
	classes = {
	};
	objectVersion = 54;
	objects = {

/* Begin PBXBuildFile section */
		00E356F31AD99517003FC87E /* Coffe_ShopTests.m in Sources */ = {isa = PBXBuildFile; fileRef = 00E356F21AD99517003FC87E /* Coffe_ShopTests.m */; };
		0C80B921A6F3F58F76C31292 /* libPods-Coffe_Shop.a in Frameworks */ = {isa = PBXBuildFile; fileRef = 5DCACB8F33CDC322A6C60F78 /* libPods-Coffe_Shop.a */; };
		13B07FBC1A68108700A75B9A /* AppDelegate.mm in Sources */ = {isa = PBXBuildFile; fileRef = 13B07FB01A68108700A75B9A /* AppDelegate.mm */; };
		13B07FBF1A68108700A75B9A /* Images.xcassets in Resources */ = {isa = PBXBuildFile; fileRef = 13B07FB51A68108700A75B9A /* Images.xcassets */; };
		13B07FC11A68108700A75B9A /* main.m in Sources */ = {isa = PBXBuildFile; fileRef = 13B07FB71A68108700A75B9A /* main.m */; };
		7699B88040F8A987B510C191 /* libPods-Coffe_Shop-Coffe_ShopTests.a in Frameworks */ = {isa = PBXBuildFile; fileRef = 19F6CBCC0A4E27FBF8BF4A61 /* libPods-Coffe_Shop-Coffe_ShopTests.a */; };
		81AB9BB82411601600AC10FF /* LaunchScreen.storyboard in Resources */ = {isa = PBXBuildFile; fileRef = 81AB9BB72411601600AC10FF /* LaunchScreen.storyboard */; };
		6326CBB52DAB4AE0A30F0E66 /* app_icons.ttf in Resources */ = {isa = PBXBuildFile; fileRef = A6C74D3637064BE3AF867D78 /* app_icons.ttf */; };
		21EB76563D514F648260B9AF /* Poppins-Black.ttf in Resources */ = {isa = PBXBuildFile; fileRef = 2B291E2A39CF42B1B827B15F /* Poppins-Black.ttf */; };
		8B27D279615E4DD2B0D78ABE /* Poppins-Bold.ttf in Resources */ = {isa = PBXBuildFile; fileRef = 6FCE6D2F85C344B789E2545B /* Poppins-Bold.ttf */; };
		19BE780C213143AA915880EF /* Poppins-ExtraBold.ttf in Resources */ = {isa = PBXBuildFile; fileRef = 16741CC17C9F42CA89CE61AE /* Poppins-ExtraBold.ttf */; };
		D2B553E77AB14424B3C8FCF9 /* Poppins-ExtraLight.ttf in Resources */ = {isa = PBXBuildFile; fileRef = 40B678D54EB644078635FEC2 /* Poppins-ExtraLight.ttf */; };
		B3C17C99E60A49F5BE064121 /* Poppins-Light.ttf in Resources */ = {isa = PBXBuildFile; fileRef = 56FD520DDB964F09AA919F3D /* Poppins-Light.ttf */; };
		9D071081602148139571EA97 /* Poppins-Medium.ttf in Resources */ = {isa = PBXBuildFile; fileRef = 54E1763B84054A56B9AF53CA /* Poppins-Medium.ttf */; };
		6037FBB4AEF349B789A0E111 /* Poppins-Regular.ttf in Resources */ = {isa = PBXBuildFile; fileRef = 1E666D0080084DB58A6DE7D5 /* Poppins-Regular.ttf */; };
		BAAF2EAEF16243B5980F3828 /* Poppins-SemiBold.ttf in Resources */ = {isa = PBXBuildFile; fileRef = ED344CEA79004E2DB6FD9F37 /* Poppins-SemiBold.ttf */; };
		B5BCABE9278B4244AF3A74FB /* Poppins-Thin.ttf in Resources */ = {isa = PBXBuildFile; fileRef = B6E9159171FF4D689D927B1E /* Poppins-Thin.ttf */; };
		C0C229D58730455490FF14C8 /* amazonpay.png in Resources */ = {isa = PBXBuildFile; fileRef = 3B5A1B6620C74691A34571B6 /* amazonpay.png */; };
		1FEE3D6945054907BAB4663A /* applepay.png in Resources */ = {isa = PBXBuildFile; fileRef = ACCCD738708A4FC49F237658 /* applepay.png */; };
		B28BE4A4BAAC48F08B7EDB22 /* avatar.png in Resources */ = {isa = PBXBuildFile; fileRef = 100BBA21691142F6B1AED2BC /* avatar.png */; };
		C34B5D7D121D4F459AD7D894 /* gpay.png in Resources */ = {isa = PBXBuildFile; fileRef = 01426B4A81AA4BA2A31A9F73 /* gpay.png */; };
		574EE15BBB6248C9AE16E55F /* americano_pic_1_portrait.png in Resources */ = {isa = PBXBuildFile; fileRef = CBF1AED397CF42F0A5C98C3F /* americano_pic_1_portrait.png */; };
		D74028BA403B42EFA482036D /* americano_pic_2_portrait.png in Resources */ = {isa = PBXBuildFile; fileRef = C74B432B321E498A8D250E72 /* americano_pic_2_portrait.png */; };
		818D77E92BF54CCBAD29A3AD /* americano_pic_3_portrait.png in Resources */ = {isa = PBXBuildFile; fileRef = F5B27FB368B445DDAC84A714 /* americano_pic_3_portrait.png */; };
		4CCA5947FA9A491188D5FA15 /* americano_pic_1_square.png in Resources */ = {isa = PBXBuildFile; fileRef = 23AA20449E824911A2165C86 /* americano_pic_1_square.png */; };
		DD81A5C3E5394E00A315B911 /* americano_pic_2_square.png in Resources */ = {isa = PBXBuildFile; fileRef = C53DB32AAFA7487CB4A41CB5 /* americano_pic_2_square.png */; };
		4123888CB5414C58ABF8816A /* americano_pic_3_square.png in Resources */ = {isa = PBXBuildFile; fileRef = 6BDA16ACD89F4BF4BBC52034 /* americano_pic_3_square.png */; };
		8608A7AA6E7E4A4885A3C3B8 /* arabica_coffee_beans_portrait.png in Resources */ = {isa = PBXBuildFile; fileRef = 07309B4569044303B69E2203 /* arabica_coffee_beans_portrait.png */; };
		8095F94FD9F841649A4F6BAF /* arabica_coffee_beans_square.png in Resources */ = {isa = PBXBuildFile; fileRef = 5B5A3E0948D24316BCF4473D /* arabica_coffee_beans_square.png */; };
		3AA4749B236B46158D5FEC8F /* black_coffee_pic_1_portrait.png in Resources */ = {isa = PBXBuildFile; fileRef = 7D4223E95E7342418ECA2307 /* black_coffee_pic_1_portrait.png */; };
		9DCB05588E3F4DD0B43F4901 /* black_coffee_pic_2_portrait.png in Resources */ = {isa = PBXBuildFile; fileRef = 9259930385704B6AAE1DA8E1 /* black_coffee_pic_2_portrait.png */; };
		024080B3FF244D22837158AF /* black_coffee_pic_3_portrait.png in Resources */ = {isa = PBXBuildFile; fileRef = 24C8E18F4D8B4514BDFC1821 /* black_coffee_pic_3_portrait.png */; };
		331907445CFC42D59E57D46B /* black_coffee_pic_1_square.png in Resources */ = {isa = PBXBuildFile; fileRef = A269A65BB2B04C4A84D41F61 /* black_coffee_pic_1_square.png */; };
		87935A78440F4C6C81DFA430 /* black_coffee_pic_2_square.png in Resources */ = {isa = PBXBuildFile; fileRef = E51E0CBCACBA484497816B81 /* black_coffee_pic_2_square.png */; };
		155AB2F9B4464A44953EA03F /* black_coffee_pic_3_square.png in Resources */ = {isa = PBXBuildFile; fileRef = BA2E85AF23984E9495C1F149 /* black_coffee_pic_3_square.png */; };
		74F63CC4870042F2B2F688DC /* cappuccino_pic_1_portrait.png in Resources */ = {isa = PBXBuildFile; fileRef = 4E2E4F3DC9874F51B339CE8D /* cappuccino_pic_1_portrait.png */; };
		CD8C8D58DB394036BDF0E64E /* cappuccino_pic_2_portrait.png in Resources */ = {isa = PBXBuildFile; fileRef = ED39822BEE71454BBC146ADC /* cappuccino_pic_2_portrait.png */; };
		9B96617C74644C23A20ACDA2 /* cappuccino_pic_3_portrait.png in Resources */ = {isa = PBXBuildFile; fileRef = C0535EDAE2B346EF96208CD3 /* cappuccino_pic_3_portrait.png */; };
		F794701BC6084C95B0EEDB1C /* cappuccino_pic_1_square.png in Resources */ = {isa = PBXBuildFile; fileRef = 92409F1A0B98451984073D9F /* cappuccino_pic_1_square.png */; };
		2FEEFE2D4F1F4938B86254CA /* cappuccino_pic_2_square.png in Resources */ = {isa = PBXBuildFile; fileRef = 0FE56EABA4C640D3BAD593B2 /* cappuccino_pic_2_square.png */; };
		0C1B720E775A4D7B85CC1E7D /* cappuccino_pic_3_square.png in Resources */ = {isa = PBXBuildFile; fileRef = A937F2EDC7A645AA81243384 /* cappuccino_pic_3_square.png */; };
		4C5493A1CF31493FA725D5B9 /* espresso_pic_1_portrait.png in Resources */ = {isa = PBXBuildFile; fileRef = CA7C59FD2728400CB9D9F5B3 /* espresso_pic_1_portrait.png */; };
		B1561113A9A543D48F45BE5A /* espresso_pic_2_portrait.png in Resources */ = {isa = PBXBuildFile; fileRef = C9A9038D01D4469180826666 /* espresso_pic_2_portrait.png */; };
		B508CE51164D40629C16878A /* espresso_pic_3_portrait.png in Resources */ = {isa = PBXBuildFile; fileRef = 88B99161FEE94595A3AF1370 /* espresso_pic_3_portrait.png */; };
		E0E189A660D14A66BEC0346A /* espresso_pic_1_square.png in Resources */ = {isa = PBXBuildFile; fileRef = B7EC2067E0E440909767F10D /* espresso_pic_1_square.png */; };
		D7FFA5913E9744A282F83BC9 /* espresso_pic_2_square.png in Resources */ = {isa = PBXBuildFile; fileRef = 6A97506A91F14416AA26C463 /* espresso_pic_2_square.png */; };
		1848C5994E24479C99B17A76 /* espresso_pic_3_square.png in Resources */ = {isa = PBXBuildFile; fileRef = 64B08C8108DF4A7DBD158AFA /* espresso_pic_3_square.png */; };
		4181C7256E284571B0AC2960 /* excelsa_coffee_beans_portrait.png in Resources */ = {isa = PBXBuildFile; fileRef = 48C0A6E85F434E2D93FE3A36 /* excelsa_coffee_beans_portrait.png */; };
		972DB0F46D6F4687A81EC537 /* excelsa_coffee_beans_square.png in Resources */ = {isa = PBXBuildFile; fileRef = 4CEEE1EF783A458C8A2AAFD8 /* excelsa_coffee_beans_square.png */; };
		1A3E4CB7A07F4A55B414ADDB /* latte_pic_1_portrait.png in Resources */ = {isa = PBXBuildFile; fileRef = 22F27C44F80D48A9957A319B /* latte_pic_1_portrait.png */; };
		FD6203454A424B58BCEE1753 /* latte_pic_2_portrait.png in Resources */ = {isa = PBXBuildFile; fileRef = A68B8E76F234464BBD7158A0 /* latte_pic_2_portrait.png */; };
		E690F634185D474A9A3515DE /* latte_pic_3_portrait.png in Resources */ = {isa = PBXBuildFile; fileRef = 576FE64B26B24E799CC3C5F6 /* latte_pic_3_portrait.png */; };
		DFCD3B08DAAE42379D61D0C1 /* latte_pic_1_square.png in Resources */ = {isa = PBXBuildFile; fileRef = 9BF0FD800C2C457F86F473E3 /* latte_pic_1_square.png */; };
		0789C137006045799933C60D /* latte_pic_2_square.png in Resources */ = {isa = PBXBuildFile; fileRef = 9B42C4C63D244D72ACD6BB49 /* latte_pic_2_square.png */; };
		5752754354F34FB2AF17A762 /* latte_pic_3_square.png in Resources */ = {isa = PBXBuildFile; fileRef = 290D1A52A6934B0289CD4858 /* latte_pic_3_square.png */; };
		41CEA85C80D149A88B9A7B3D /* liberica_coffee_beans_portrait.png in Resources */ = {isa = PBXBuildFile; fileRef = A56173CCA63443EDB48BB02B /* liberica_coffee_beans_portrait.png */; };
		9D52217CA0144088AE9D535B /* liberica_coffee_beans_square.png in Resources */ = {isa = PBXBuildFile; fileRef = 804E0CE5B1C34C4DA88210DD /* liberica_coffee_beans_square.png */; };
		7CDF693F2324424FBB75736F /* macchiato_pic_1_portrait.png in Resources */ = {isa = PBXBuildFile; fileRef = B55085C299684C24BED107E7 /* macchiato_pic_1_portrait.png */; };
		935B8CEBE3F647D4B51793CA /* macchiato_pic_2_portrait.png in Resources */ = {isa = PBXBuildFile; fileRef = 25951890F1464B82A157E90D /* macchiato_pic_2_portrait.png */; };
		EB6583A162EB4FAA9A5AC822 /* macchiato_pic_3_portrait.png in Resources */ = {isa = PBXBuildFile; fileRef = 38D96EDDB74542719574FFED /* macchiato_pic_3_portrait.png */; };
		5AC05D19DD2B48C0BB8FD19A /* macchiato_pic_1_square.png in Resources */ = {isa = PBXBuildFile; fileRef = E77439533C164EC2B93834E0 /* macchiato_pic_1_square.png */; };
		D2FEF702653146C5AA5A08BD /* macchiato_pic_2_square.png in Resources */ = {isa = PBXBuildFile; fileRef = F267B0E03C914FFF9A056C32 /* macchiato_pic_2_square.png */; };
		98D1DA76F7A642FEB164230F /* macchiato_pic_3_square.png in Resources */ = {isa = PBXBuildFile; fileRef = 5B67737F18B54A5288B51EE8 /* macchiato_pic_3_square.png */; };
		0236F40312F04AD1886E2AF1 /* robusta_coffee_beans_portrait.png in Resources */ = {isa = PBXBuildFile; fileRef = 9DA789FF99EC422088587530 /* robusta_coffee_beans_portrait.png */; };
		80D4CFDE2FD942D6B7038B17 /* robusta_coffee_beans_square.png in Resources */ = {isa = PBXBuildFile; fileRef = C7BECBCC5A6D4DBEA10FB97D /* robusta_coffee_beans_square.png */; };
/* End PBXBuildFile section */

/* Begin PBXContainerItemProxy section */
		00E356F41AD99517003FC87E /* PBXContainerItemProxy */ = {
			isa = PBXContainerItemProxy;
			containerPortal = 83CBB9F71A601CBA00E9B192 /* Project object */;
			proxyType = 1;
			remoteGlobalIDString = 13B07F861A680F5B00A75B9A;
			remoteInfo = Coffe_Shop;
		};
/* End PBXContainerItemProxy section */

/* Begin PBXFileReference section */
		00E356EE1AD99517003FC87E /* Coffe_ShopTests.xctest */ = {isa = PBXFileReference; explicitFileType = wrapper.cfbundle; includeInIndex = 0; path = Coffe_ShopTests.xctest; sourceTree = BUILT_PRODUCTS_DIR; };
		00E356F11AD99517003FC87E /* Info.plist */ = {isa = PBXFileReference; lastKnownFileType = text.plist.xml; path = Info.plist; sourceTree = "<group>"; };
		00E356F21AD99517003FC87E /* Coffe_ShopTests.m */ = {isa = PBXFileReference; lastKnownFileType = sourcecode.c.objc; path = Coffe_ShopTests.m; sourceTree = "<group>"; };
		13B07F961A680F5B00A75B9A /* Coffe_Shop.app */ = {isa = PBXFileReference; explicitFileType = wrapper.application; includeInIndex = 0; path = Coffe_Shop.app; sourceTree = BUILT_PRODUCTS_DIR; };
		13B07FAF1A68108700A75B9A /* AppDelegate.h */ = {isa = PBXFileReference; fileEncoding = 4; lastKnownFileType = sourcecode.c.h; name = AppDelegate.h; path = Coffe_Shop/AppDelegate.h; sourceTree = "<group>"; };
		13B07FB01A68108700A75B9A /* AppDelegate.mm */ = {isa = PBXFileReference; fileEncoding = 4; lastKnownFileType = sourcecode.cpp.objcpp; name = AppDelegate.mm; path = Coffe_Shop/AppDelegate.mm; sourceTree = "<group>"; };
		13B07FB51A68108700A75B9A /* Images.xcassets */ = {isa = PBXFileReference; lastKnownFileType = folder.assetcatalog; name = Images.xcassets; path = Coffe_Shop/Images.xcassets; sourceTree = "<group>"; };
		13B07FB61A68108700A75B9A /* Info.plist */ = {isa = PBXFileReference; fileEncoding = 4; lastKnownFileType = text.plist.xml; name = Info.plist; path = Coffe_Shop/Info.plist; sourceTree = "<group>"; };
		13B07FB71A68108700A75B9A /* main.m */ = {isa = PBXFileReference; fileEncoding = 4; lastKnownFileType = sourcecode.c.objc; name = main.m; path = Coffe_Shop/main.m; sourceTree = "<group>"; };
		19F6CBCC0A4E27FBF8BF4A61 /* libPods-Coffe_Shop-Coffe_ShopTests.a */ = {isa = PBXFileReference; explicitFileType = archive.ar; includeInIndex = 0; path = "libPods-Coffe_Shop-Coffe_ShopTests.a"; sourceTree = BUILT_PRODUCTS_DIR; };
		3B4392A12AC88292D35C810B /* Pods-Coffe_Shop.debug.xcconfig */ = {isa = PBXFileReference; includeInIndex = 1; lastKnownFileType = text.xcconfig; name = "Pods-Coffe_Shop.debug.xcconfig"; path = "Target Support Files/Pods-Coffe_Shop/Pods-Coffe_Shop.debug.xcconfig"; sourceTree = "<group>"; };
		5709B34CF0A7D63546082F79 /* Pods-Coffe_Shop.release.xcconfig */ = {isa = PBXFileReference; includeInIndex = 1; lastKnownFileType = text.xcconfig; name = "Pods-Coffe_Shop.release.xcconfig"; path = "Target Support Files/Pods-Coffe_Shop/Pods-Coffe_Shop.release.xcconfig"; sourceTree = "<group>"; };
		5B7EB9410499542E8C5724F5 /* Pods-Coffe_Shop-Coffe_ShopTests.debug.xcconfig */ = {isa = PBXFileReference; includeInIndex = 1; lastKnownFileType = text.xcconfig; name = "Pods-Coffe_Shop-Coffe_ShopTests.debug.xcconfig"; path = "Target Support Files/Pods-Coffe_Shop-Coffe_ShopTests/Pods-Coffe_Shop-Coffe_ShopTests.debug.xcconfig"; sourceTree = "<group>"; };
		5DCACB8F33CDC322A6C60F78 /* libPods-Coffe_Shop.a */ = {isa = PBXFileReference; explicitFileType = archive.ar; includeInIndex = 0; path = "libPods-Coffe_Shop.a"; sourceTree = BUILT_PRODUCTS_DIR; };
		81AB9BB72411601600AC10FF /* LaunchScreen.storyboard */ = {isa = PBXFileReference; fileEncoding = 4; lastKnownFileType = file.storyboard; name = LaunchScreen.storyboard; path = Coffe_Shop/LaunchScreen.storyboard; sourceTree = "<group>"; };
		89C6BE57DB24E9ADA2F236DE /* Pods-Coffe_Shop-Coffe_ShopTests.release.xcconfig */ = {isa = PBXFileReference; includeInIndex = 1; lastKnownFileType = text.xcconfig; name = "Pods-Coffe_Shop-Coffe_ShopTests.release.xcconfig"; path = "Target Support Files/Pods-Coffe_Shop-Coffe_ShopTests/Pods-Coffe_Shop-Coffe_ShopTests.release.xcconfig"; sourceTree = "<group>"; };
		ED297162215061F000B7C4FE /* JavaScriptCore.framework */ = {isa = PBXFileReference; lastKnownFileType = wrapper.framework; name = JavaScriptCore.framework; path = System/Library/Frameworks/JavaScriptCore.framework; sourceTree = SDKROOT; };
		A6C74D3637064BE3AF867D78 /* app_icons.ttf */ = {isa = PBXFileReference; name = "app_icons.ttf"; path = "../src/assets/fonts/app_icons.ttf"; sourceTree = "<group>"; fileEncoding = undefined; lastKnownFileType = unknown; explicitFileType = undefined; includeInIndex = 0; };
		2B291E2A39CF42B1B827B15F /* Poppins-Black.ttf */ = {isa = PBXFileReference; name = "Poppins-Black.ttf"; path = "../src/assets/fonts/Poppins-Black.ttf"; sourceTree = "<group>"; fileEncoding = undefined; lastKnownFileType = unknown; explicitFileType = undefined; includeInIndex = 0; };
		6FCE6D2F85C344B789E2545B /* Poppins-Bold.ttf */ = {isa = PBXFileReference; name = "Poppins-Bold.ttf"; path = "../src/assets/fonts/Poppins-Bold.ttf"; sourceTree = "<group>"; fileEncoding = undefined; lastKnownFileType = unknown; explicitFileType = undefined; includeInIndex = 0; };
		16741CC17C9F42CA89CE61AE /* Poppins-ExtraBold.ttf */ = {isa = PBXFileReference; name = "Poppins-ExtraBold.ttf"; path = "../src/assets/fonts/Poppins-ExtraBold.ttf"; sourceTree = "<group>"; fileEncoding = undefined; lastKnownFileType = unknown; explicitFileType = undefined; includeInIndex = 0; };
		40B678D54EB644078635FEC2 /* Poppins-ExtraLight.ttf */ = {isa = PBXFileReference; name = "Poppins-ExtraLight.ttf"; path = "../src/assets/fonts/Poppins-ExtraLight.ttf"; sourceTree = "<group>"; fileEncoding = undefined; lastKnownFileType = unknown; explicitFileType = undefined; includeInIndex = 0; };
		56FD520DDB964F09AA919F3D /* Poppins-Light.ttf */ = {isa = PBXFileReference; name = "Poppins-Light.ttf"; path = "../src/assets/fonts/Poppins-Light.ttf"; sourceTree = "<group>"; fileEncoding = undefined; lastKnownFileType = unknown; explicitFileType = undefined; includeInIndex = 0; };
		54E1763B84054A56B9AF53CA /* Poppins-Medium.ttf */ = {isa = PBXFileReference; name = "Poppins-Medium.ttf"; path = "../src/assets/fonts/Poppins-Medium.ttf"; sourceTree = "<group>"; fileEncoding = undefined; lastKnownFileType = unknown; explicitFileType = undefined; includeInIndex = 0; };
		1E666D0080084DB58A6DE7D5 /* Poppins-Regular.ttf */ = {isa = PBXFileReference; name = "Poppins-Regular.ttf"; path = "../src/assets/fonts/Poppins-Regular.ttf"; sourceTree = "<group>"; fileEncoding = undefined; lastKnownFileType = unknown; explicitFileType = undefined; includeInIndex = 0; };
		ED344CEA79004E2DB6FD9F37 /* Poppins-SemiBold.ttf */ = {isa = PBXFileReference; name = "Poppins-SemiBold.ttf"; path = "../src/assets/fonts/Poppins-SemiBold.ttf"; sourceTree = "<group>"; fileEncoding = undefined; lastKnownFileType = unknown; explicitFileType = undefined; includeInIndex = 0; };
		B6E9159171FF4D689D927B1E /* Poppins-Thin.ttf */ = {isa = PBXFileReference; name = "Poppins-Thin.ttf"; path = "../src/assets/fonts/Poppins-Thin.ttf"; sourceTree = "<group>"; fileEncoding = undefined; lastKnownFileType = unknown; explicitFileType = undefined; includeInIndex = 0; };
		3B5A1B6620C74691A34571B6 /* amazonpay.png */ = {isa = PBXFileReference; name = "amazonpay.png"; path = "../src/assets/app_images/amazonpay.png"; sourceTree = "<group>"; fileEncoding = undefined; lastKnownFileType = unknown; explicitFileType = undefined; includeInIndex = 0; };
		ACCCD738708A4FC49F237658 /* applepay.png */ = {isa = PBXFileReference; name = "applepay.png"; path = "../src/assets/app_images/applepay.png"; sourceTree = "<group>"; fileEncoding = undefined; lastKnownFileType = unknown; explicitFileType = undefined; includeInIndex = 0; };
		100BBA21691142F6B1AED2BC /* avatar.png */ = {isa = PBXFileReference; name = "avatar.png"; path = "../src/assets/app_images/avatar.png"; sourceTree = "<group>"; fileEncoding = undefined; lastKnownFileType = unknown; explicitFileType = undefined; includeInIndex = 0; };
		01426B4A81AA4BA2A31A9F73 /* gpay.png */ = {isa = PBXFileReference; name = "gpay.png"; path = "../src/assets/app_images/gpay.png"; sourceTree = "<group>"; fileEncoding = undefined; lastKnownFileType = unknown; explicitFileType = undefined; includeInIndex = 0; };
		CBF1AED397CF42F0A5C98C3F /* americano_pic_1_portrait.png */ = {isa = PBXFileReference; name = "americano_pic_1_portrait.png"; path = "../src/assets/coffee_assets/americano/portrait/americano_pic_1_portrait.png"; sourceTree = "<group>"; fileEncoding = undefined; lastKnownFileType = unknown; explicitFileType = undefined; includeInIndex = 0; };
		C74B432B321E498A8D250E72 /* americano_pic_2_portrait.png */ = {isa = PBXFileReference; name = "americano_pic_2_portrait.png"; path = "../src/assets/coffee_assets/americano/portrait/americano_pic_2_portrait.png"; sourceTree = "<group>"; fileEncoding = undefined; lastKnownFileType = unknown; explicitFileType = undefined; includeInIndex = 0; };
		F5B27FB368B445DDAC84A714 /* americano_pic_3_portrait.png */ = {isa = PBXFileReference; name = "americano_pic_3_portrait.png"; path = "../src/assets/coffee_assets/americano/portrait/americano_pic_3_portrait.png"; sourceTree = "<group>"; fileEncoding = undefined; lastKnownFileType = unknown; explicitFileType = undefined; includeInIndex = 0; };
		23AA20449E824911A2165C86 /* americano_pic_1_square.png */ = {isa = PBXFileReference; name = "americano_pic_1_square.png"; path = "../src/assets/coffee_assets/americano/square/americano_pic_1_square.png"; sourceTree = "<group>"; fileEncoding = undefined; lastKnownFileType = unknown; explicitFileType = undefined; includeInIndex = 0; };
		C53DB32AAFA7487CB4A41CB5 /* americano_pic_2_square.png */ = {isa = PBXFileReference; name = "americano_pic_2_square.png"; path = "../src/assets/coffee_assets/americano/square/americano_pic_2_square.png"; sourceTree = "<group>"; fileEncoding = undefined; lastKnownFileType = unknown; explicitFileType = undefined; includeInIndex = 0; };
		6BDA16ACD89F4BF4BBC52034 /* americano_pic_3_square.png */ = {isa = PBXFileReference; name = "americano_pic_3_square.png"; path = "../src/assets/coffee_assets/americano/square/americano_pic_3_square.png"; sourceTree = "<group>"; fileEncoding = undefined; lastKnownFileType = unknown; explicitFileType = undefined; includeInIndex = 0; };
		07309B4569044303B69E2203 /* arabica_coffee_beans_portrait.png */ = {isa = PBXFileReference; name = "arabica_coffee_beans_portrait.png"; path = "../src/assets/coffee_assets/arabica_coffee_beans/arabica_coffee_beans_portrait.png"; sourceTree = "<group>"; fileEncoding = undefined; lastKnownFileType = unknown; explicitFileType = undefined; includeInIndex = 0; };
		5B5A3E0948D24316BCF4473D /* arabica_coffee_beans_square.png */ = {isa = PBXFileReference; name = "arabica_coffee_beans_square.png"; path = "../src/assets/coffee_assets/arabica_coffee_beans/arabica_coffee_beans_square.png"; sourceTree = "<group>"; fileEncoding = undefined; lastKnownFileType = unknown; explicitFileType = undefined; includeInIndex = 0; };
		7D4223E95E7342418ECA2307 /* black_coffee_pic_1_portrait.png */ = {isa = PBXFileReference; name = "black_coffee_pic_1_portrait.png"; path = "../src/assets/coffee_assets/black_coffee/portrait/black_coffee_pic_1_portrait.png"; sourceTree = "<group>"; fileEncoding = undefined; lastKnownFileType = unknown; explicitFileType = undefined; includeInIndex = 0; };
		9259930385704B6AAE1DA8E1 /* black_coffee_pic_2_portrait.png */ = {isa = PBXFileReference; name = "black_coffee_pic_2_portrait.png"; path = "../src/assets/coffee_assets/black_coffee/portrait/black_coffee_pic_2_portrait.png"; sourceTree = "<group>"; fileEncoding = undefined; lastKnownFileType = unknown; explicitFileType = undefined; includeInIndex = 0; };
		24C8E18F4D8B4514BDFC1821 /* black_coffee_pic_3_portrait.png */ = {isa = PBXFileReference; name = "black_coffee_pic_3_portrait.png"; path = "../src/assets/coffee_assets/black_coffee/portrait/black_coffee_pic_3_portrait.png"; sourceTree = "<group>"; fileEncoding = undefined; lastKnownFileType = unknown; explicitFileType = undefined; includeInIndex = 0; };
		A269A65BB2B04C4A84D41F61 /* black_coffee_pic_1_square.png */ = {isa = PBXFileReference; name = "black_coffee_pic_1_square.png"; path = "../src/assets/coffee_assets/black_coffee/square/black_coffee_pic_1_square.png"; sourceTree = "<group>"; fileEncoding = undefined; lastKnownFileType = unknown; explicitFileType = undefined; includeInIndex = 0; };
		E51E0CBCACBA484497816B81 /* black_coffee_pic_2_square.png */ = {isa = PBXFileReference; name = "black_coffee_pic_2_square.png"; path = "../src/assets/coffee_assets/black_coffee/square/black_coffee_pic_2_square.png"; sourceTree = "<group>"; fileEncoding = undefined; lastKnownFileType = unknown; explicitFileType = undefined; includeInIndex = 0; };
		BA2E85AF23984E9495C1F149 /* black_coffee_pic_3_square.png */ = {isa = PBXFileReference; name = "black_coffee_pic_3_square.png"; path = "../src/assets/coffee_assets/black_coffee/square/black_coffee_pic_3_square.png"; sourceTree = "<group>"; fileEncoding = undefined; lastKnownFileType = unknown; explicitFileType = undefined; includeInIndex = 0; };
		4E2E4F3DC9874F51B339CE8D /* cappuccino_pic_1_portrait.png */ = {isa = PBXFileReference; name = "cappuccino_pic_1_portrait.png"; path = "../src/assets/coffee_assets/cappuccino/portrait/cappuccino_pic_1_portrait.png"; sourceTree = "<group>"; fileEncoding = undefined; lastKnownFileType = unknown; explicitFileType = undefined; includeInIndex = 0; };
		ED39822BEE71454BBC146ADC /* cappuccino_pic_2_portrait.png */ = {isa = PBXFileReference; name = "cappuccino_pic_2_portrait.png"; path = "../src/assets/coffee_assets/cappuccino/portrait/cappuccino_pic_2_portrait.png"; sourceTree = "<group>"; fileEncoding = undefined; lastKnownFileType = unknown; explicitFileType = undefined; includeInIndex = 0; };
		C0535EDAE2B346EF96208CD3 /* cappuccino_pic_3_portrait.png */ = {isa = PBXFileReference; name = "cappuccino_pic_3_portrait.png"; path = "../src/assets/coffee_assets/cappuccino/portrait/cappuccino_pic_3_portrait.png"; sourceTree = "<group>"; fileEncoding = undefined; lastKnownFileType = unknown; explicitFileType = undefined; includeInIndex = 0; };
		92409F1A0B98451984073D9F /* cappuccino_pic_1_square.png */ = {isa = PBXFileReference; name = "cappuccino_pic_1_square.png"; path = "../src/assets/coffee_assets/cappuccino/square/cappuccino_pic_1_square.png"; sourceTree = "<group>"; fileEncoding = undefined; lastKnownFileType = unknown; explicitFileType = undefined; includeInIndex = 0; };
		0FE56EABA4C640D3BAD593B2 /* cappuccino_pic_2_square.png */ = {isa = PBXFileReference; name = "cappuccino_pic_2_square.png"; path = "../src/assets/coffee_assets/cappuccino/square/cappuccino_pic_2_square.png"; sourceTree = "<group>"; fileEncoding = undefined; lastKnownFileType = unknown; explicitFileType = undefined; includeInIndex = 0; };
		A937F2EDC7A645AA81243384 /* cappuccino_pic_3_square.png */ = {isa = PBXFileReference; name = "cappuccino_pic_3_square.png"; path = "../src/assets/coffee_assets/cappuccino/square/cappuccino_pic_3_square.png"; sourceTree = "<group>"; fileEncoding = undefined; lastKnownFileType = unknown; explicitFileType = undefined; includeInIndex = 0; };
		CA7C59FD2728400CB9D9F5B3 /* espresso_pic_1_portrait.png */ = {isa = PBXFileReference; name = "espresso_pic_1_portrait.png"; path = "../src/assets/coffee_assets/espresso/portrait/espresso_pic_1_portrait.png"; sourceTree = "<group>"; fileEncoding = undefined; lastKnownFileType = unknown; explicitFileType = undefined; includeInIndex = 0; };
		C9A9038D01D4469180826666 /* espresso_pic_2_portrait.png */ = {isa = PBXFileReference; name = "espresso_pic_2_portrait.png"; path = "../src/assets/coffee_assets/espresso/portrait/espresso_pic_2_portrait.png"; sourceTree = "<group>"; fileEncoding = undefined; lastKnownFileType = unknown; explicitFileType = undefined; includeInIndex = 0; };
		88B99161FEE94595A3AF1370 /* espresso_pic_3_portrait.png */ = {isa = PBXFileReference; name = "espresso_pic_3_portrait.png"; path = "../src/assets/coffee_assets/espresso/portrait/espresso_pic_3_portrait.png"; sourceTree = "<group>"; fileEncoding = undefined; lastKnownFileType = unknown; explicitFileType = undefined; includeInIndex = 0; };
		B7EC2067E0E440909767F10D /* espresso_pic_1_square.png */ = {isa = PBXFileReference; name = "espresso_pic_1_square.png"; path = "../src/assets/coffee_assets/espresso/square/espresso_pic_1_square.png"; sourceTree = "<group>"; fileEncoding = undefined; lastKnownFileType = unknown; explicitFileType = undefined; includeInIndex = 0; };
		6A97506A91F14416AA26C463 /* espresso_pic_2_square.png */ = {isa = PBXFileReference; name = "espresso_pic_2_square.png"; path = "../src/assets/coffee_assets/espresso/square/espresso_pic_2_square.png"; sourceTree = "<group>"; fileEncoding = undefined; lastKnownFileType = unknown; explicitFileType = undefined; includeInIndex = 0; };
		64B08C8108DF4A7DBD158AFA /* espresso_pic_3_square.png */ = {isa = PBXFileReference; name = "espresso_pic_3_square.png"; path = "../src/assets/coffee_assets/espresso/square/espresso_pic_3_square.png"; sourceTree = "<group>"; fileEncoding = undefined; lastKnownFileType = unknown; explicitFileType = undefined; includeInIndex = 0; };
		48C0A6E85F434E2D93FE3A36 /* excelsa_coffee_beans_portrait.png */ = {isa = PBXFileReference; name = "excelsa_coffee_beans_portrait.png"; path = "../src/assets/coffee_assets/excelsa_coffee_beans/excelsa_coffee_beans_portrait.png"; sourceTree = "<group>"; fileEncoding = undefined; lastKnownFileType = unknown; explicitFileType = undefined; includeInIndex = 0; };
		4CEEE1EF783A458C8A2AAFD8 /* excelsa_coffee_beans_square.png */ = {isa = PBXFileReference; name = "excelsa_coffee_beans_square.png"; path = "../src/assets/coffee_assets/excelsa_coffee_beans/excelsa_coffee_beans_square.png"; sourceTree = "<group>"; fileEncoding = undefined; lastKnownFileType = unknown; explicitFileType = undefined; includeInIndex = 0; };
		22F27C44F80D48A9957A319B /* latte_pic_1_portrait.png */ = {isa = PBXFileReference; name = "latte_pic_1_portrait.png"; path = "../src/assets/coffee_assets/latte/portrait/latte_pic_1_portrait.png"; sourceTree = "<group>"; fileEncoding = undefined; lastKnownFileType = unknown; explicitFileType = undefined; includeInIndex = 0; };
		A68B8E76F234464BBD7158A0 /* latte_pic_2_portrait.png */ = {isa = PBXFileReference; name = "latte_pic_2_portrait.png"; path = "../src/assets/coffee_assets/latte/portrait/latte_pic_2_portrait.png"; sourceTree = "<group>"; fileEncoding = undefined; lastKnownFileType = unknown; explicitFileType = undefined; includeInIndex = 0; };
		576FE64B26B24E799CC3C5F6 /* latte_pic_3_portrait.png */ = {isa = PBXFileReference; name = "latte_pic_3_portrait.png"; path = "../src/assets/coffee_assets/latte/portrait/latte_pic_3_portrait.png"; sourceTree = "<group>"; fileEncoding = undefined; lastKnownFileType = unknown; explicitFileType = undefined; includeInIndex = 0; };
		9BF0FD800C2C457F86F473E3 /* latte_pic_1_square.png */ = {isa = PBXFileReference; name = "latte_pic_1_square.png"; path = "../src/assets/coffee_assets/latte/square/latte_pic_1_square.png"; sourceTree = "<group>"; fileEncoding = undefined; lastKnownFileType = unknown; explicitFileType = undefined; includeInIndex = 0; };
		9B42C4C63D244D72ACD6BB49 /* latte_pic_2_square.png */ = {isa = PBXFileReference; name = "latte_pic_2_square.png"; path = "../src/assets/coffee_assets/latte/square/latte_pic_2_square.png"; sourceTree = "<group>"; fileEncoding = undefined; lastKnownFileType = unknown; explicitFileType = undefined; includeInIndex = 0; };
		290D1A52A6934B0289CD4858 /* latte_pic_3_square.png */ = {isa = PBXFileReference; name = "latte_pic_3_square.png"; path = "../src/assets/coffee_assets/latte/square/latte_pic_3_square.png"; sourceTree = "<group>"; fileEncoding = undefined; lastKnownFileType = unknown; explicitFileType = undefined; includeInIndex = 0; };
		A56173CCA63443EDB48BB02B /* liberica_coffee_beans_portrait.png */ = {isa = PBXFileReference; name = "liberica_coffee_beans_portrait.png"; path = "../src/assets/coffee_assets/liberica_coffee_beans/liberica_coffee_beans_portrait.png"; sourceTree = "<group>"; fileEncoding = undefined; lastKnownFileType = unknown; explicitFileType = undefined; includeInIndex = 0; };
		804E0CE5B1C34C4DA88210DD /* liberica_coffee_beans_square.png */ = {isa = PBXFileReference; name = "liberica_coffee_beans_square.png"; path = "../src/assets/coffee_assets/liberica_coffee_beans/liberica_coffee_beans_square.png"; sourceTree = "<group>"; fileEncoding = undefined; lastKnownFileType = unknown; explicitFileType = undefined; includeInIndex = 0; };
		B55085C299684C24BED107E7 /* macchiato_pic_1_portrait.png */ = {isa = PBXFileReference; name = "macchiato_pic_1_portrait.png"; path = "../src/assets/coffee_assets/macchiato/portrait/macchiato_pic_1_portrait.png"; sourceTree = "<group>"; fileEncoding = undefined; lastKnownFileType = unknown; explicitFileType = undefined; includeInIndex = 0; };
		25951890F1464B82A157E90D /* macchiato_pic_2_portrait.png */ = {isa = PBXFileReference; name = "macchiato_pic_2_portrait.png"; path = "../src/assets/coffee_assets/macchiato/portrait/macchiato_pic_2_portrait.png"; sourceTree = "<group>"; fileEncoding = undefined; lastKnownFileType = unknown; explicitFileType = undefined; includeInIndex = 0; };
		38D96EDDB74542719574FFED /* macchiato_pic_3_portrait.png */ = {isa = PBXFileReference; name = "macchiato_pic_3_portrait.png"; path = "../src/assets/coffee_assets/macchiato/portrait/macchiato_pic_3_portrait.png"; sourceTree = "<group>"; fileEncoding = undefined; lastKnownFileType = unknown; explicitFileType = undefined; includeInIndex = 0; };
		E77439533C164EC2B93834E0 /* macchiato_pic_1_square.png */ = {isa = PBXFileReference; name = "macchiato_pic_1_square.png"; path = "../src/assets/coffee_assets/macchiato/square/macchiato_pic_1_square.png"; sourceTree = "<group>"; fileEncoding = undefined; lastKnownFileType = unknown; explicitFileType = undefined; includeInIndex = 0; };
		F267B0E03C914FFF9A056C32 /* macchiato_pic_2_square.png */ = {isa = PBXFileReference; name = "macchiato_pic_2_square.png"; path = "../src/assets/coffee_assets/macchiato/square/macchiato_pic_2_square.png"; sourceTree = "<group>"; fileEncoding = undefined; lastKnownFileType = unknown; explicitFileType = undefined; includeInIndex = 0; };
		5B67737F18B54A5288B51EE8 /* macchiato_pic_3_square.png */ = {isa = PBXFileReference; name = "macchiato_pic_3_square.png"; path = "../src/assets/coffee_assets/macchiato/square/macchiato_pic_3_square.png"; sourceTree = "<group>"; fileEncoding = undefined; lastKnownFileType = unknown; explicitFileType = undefined; includeInIndex = 0; };
		9DA789FF99EC422088587530 /* robusta_coffee_beans_portrait.png */ = {isa = PBXFileReference; name = "robusta_coffee_beans_portrait.png"; path = "../src/assets/coffee_assets/robusta_coffee_beans/robusta_coffee_beans_portrait.png"; sourceTree = "<group>"; fileEncoding = undefined; lastKnownFileType = unknown; explicitFileType = undefined; includeInIndex = 0; };
		C7BECBCC5A6D4DBEA10FB97D /* robusta_coffee_beans_square.png */ = {isa = PBXFileReference; name = "robusta_coffee_beans_square.png"; path = "../src/assets/coffee_assets/robusta_coffee_beans/robusta_coffee_beans_square.png"; sourceTree = "<group>"; fileEncoding = undefined; lastKnownFileType = unknown; explicitFileType = undefined; includeInIndex = 0; };
/* End PBXFileReference section */

/* Begin PBXFrameworksBuildPhase section */
		00E356EB1AD99517003FC87E /* Frameworks */ = {
			isa = PBXFrameworksBuildPhase;
			buildActionMask = 2147483647;
			files = (
				7699B88040F8A987B510C191 /* libPods-Coffe_Shop-Coffe_ShopTests.a in Frameworks */,
			);
			runOnlyForDeploymentPostprocessing = 0;
		};
		13B07F8C1A680F5B00A75B9A /* Frameworks */ = {
			isa = PBXFrameworksBuildPhase;
			buildActionMask = 2147483647;
			files = (
				0C80B921A6F3F58F76C31292 /* libPods-Coffe_Shop.a in Frameworks */,
			);
			runOnlyForDeploymentPostprocessing = 0;
		};
/* End PBXFrameworksBuildPhase section */

/* Begin PBXGroup section */
		00E356EF1AD99517003FC87E /* Coffe_ShopTests */ = {
			isa = PBXGroup;
			children = (
				00E356F21AD99517003FC87E /* Coffe_ShopTests.m */,
				00E356F01AD99517003FC87E /* Supporting Files */,
			);
			path = Coffe_ShopTests;
			sourceTree = "<group>";
		};
		00E356F01AD99517003FC87E /* Supporting Files */ = {
			isa = PBXGroup;
			children = (
				00E356F11AD99517003FC87E /* Info.plist */,
			);
			name = "Supporting Files";
			sourceTree = "<group>";
		};
		13B07FAE1A68108700A75B9A /* Coffe_Shop */ = {
			isa = PBXGroup;
			children = (
				13B07FAF1A68108700A75B9A /* AppDelegate.h */,
				13B07FB01A68108700A75B9A /* AppDelegate.mm */,
				13B07FB51A68108700A75B9A /* Images.xcassets */,
				13B07FB61A68108700A75B9A /* Info.plist */,
				81AB9BB72411601600AC10FF /* LaunchScreen.storyboard */,
				13B07FB71A68108700A75B9A /* main.m */,
			);
			name = Coffe_Shop;
			sourceTree = "<group>";
		};
		2D16E6871FA4F8E400B85C8A /* Frameworks */ = {
			isa = PBXGroup;
			children = (
				ED297162215061F000B7C4FE /* JavaScriptCore.framework */,
				5DCACB8F33CDC322A6C60F78 /* libPods-Coffe_Shop.a */,
				19F6CBCC0A4E27FBF8BF4A61 /* libPods-Coffe_Shop-Coffe_ShopTests.a */,
			);
			name = Frameworks;
			sourceTree = "<group>";
		};
		832341AE1AAA6A7D00B99B32 /* Libraries */ = {
			isa = PBXGroup;
			children = (
			);
			name = Libraries;
			sourceTree = "<group>";
		};
		83CBB9F61A601CBA00E9B192 = {
			isa = PBXGroup;
			children = (
				13B07FAE1A68108700A75B9A /* Coffe_Shop */,
				832341AE1AAA6A7D00B99B32 /* Libraries */,
				00E356EF1AD99517003FC87E /* Coffe_ShopTests */,
				83CBBA001A601CBA00E9B192 /* Products */,
				2D16E6871FA4F8E400B85C8A /* Frameworks */,
				BBD78D7AC51CEA395F1C20DB /* Pods */,
				4D7C9048D29849B5861C8C90 /* Resources */,
			);
			indentWidth = 2;
			sourceTree = "<group>";
			tabWidth = 2;
			usesTabs = 0;
		};
		83CBBA001A601CBA00E9B192 /* Products */ = {
			isa = PBXGroup;
			children = (
				13B07F961A680F5B00A75B9A /* Coffe_Shop.app */,
				00E356EE1AD99517003FC87E /* Coffe_ShopTests.xctest */,
			);
			name = Products;
			sourceTree = "<group>";
		};
		BBD78D7AC51CEA395F1C20DB /* Pods */ = {
			isa = PBXGroup;
			children = (
				3B4392A12AC88292D35C810B /* Pods-Coffe_Shop.debug.xcconfig */,
				5709B34CF0A7D63546082F79 /* Pods-Coffe_Shop.release.xcconfig */,
				5B7EB9410499542E8C5724F5 /* Pods-Coffe_Shop-Coffe_ShopTests.debug.xcconfig */,
				89C6BE57DB24E9ADA2F236DE /* Pods-Coffe_Shop-Coffe_ShopTests.release.xcconfig */,
			);
			path = Pods;
			sourceTree = "<group>";
		};
		4D7C9048D29849B5861C8C90 /* Resources */ = {
			isa = "PBXGroup";
			children = (
				A6C74D3637064BE3AF867D78 /* app_icons.ttf */,
				2B291E2A39CF42B1B827B15F /* Poppins-Black.ttf */,
				6FCE6D2F85C344B789E2545B /* Poppins-Bold.ttf */,
				16741CC17C9F42CA89CE61AE /* Poppins-ExtraBold.ttf */,
				40B678D54EB644078635FEC2 /* Poppins-ExtraLight.ttf */,
				56FD520DDB964F09AA919F3D /* Poppins-Light.ttf */,
				54E1763B84054A56B9AF53CA /* Poppins-Medium.ttf */,
				1E666D0080084DB58A6DE7D5 /* Poppins-Regular.ttf */,
				ED344CEA79004E2DB6FD9F37 /* Poppins-SemiBold.ttf */,
				B6E9159171FF4D689D927B1E /* Poppins-Thin.ttf */,
				3B5A1B6620C74691A34571B6 /* amazonpay.png */,
				ACCCD738708A4FC49F237658 /* applepay.png */,
				100BBA21691142F6B1AED2BC /* avatar.png */,
				01426B4A81AA4BA2A31A9F73 /* gpay.png */,
				CBF1AED397CF42F0A5C98C3F /* americano_pic_1_portrait.png */,
				C74B432B321E498A8D250E72 /* americano_pic_2_portrait.png */,
				F5B27FB368B445DDAC84A714 /* americano_pic_3_portrait.png */,
				23AA20449E824911A2165C86 /* americano_pic_1_square.png */,
				C53DB32AAFA7487CB4A41CB5 /* americano_pic_2_square.png */,
				6BDA16ACD89F4BF4BBC52034 /* americano_pic_3_square.png */,
				07309B4569044303B69E2203 /* arabica_coffee_beans_portrait.png */,
				5B5A3E0948D24316BCF4473D /* arabica_coffee_beans_square.png */,
				7D4223E95E7342418ECA2307 /* black_coffee_pic_1_portrait.png */,
				9259930385704B6AAE1DA8E1 /* black_coffee_pic_2_portrait.png */,
				24C8E18F4D8B4514BDFC1821 /* black_coffee_pic_3_portrait.png */,
				A269A65BB2B04C4A84D41F61 /* black_coffee_pic_1_square.png */,
				E51E0CBCACBA484497816B81 /* black_coffee_pic_2_square.png */,
				BA2E85AF23984E9495C1F149 /* black_coffee_pic_3_square.png */,
				4E2E4F3DC9874F51B339CE8D /* cappuccino_pic_1_portrait.png */,
				ED39822BEE71454BBC146ADC /* cappuccino_pic_2_portrait.png */,
				C0535EDAE2B346EF96208CD3 /* cappuccino_pic_3_portrait.png */,
				92409F1A0B98451984073D9F /* cappuccino_pic_1_square.png */,
				0FE56EABA4C640D3BAD593B2 /* cappuccino_pic_2_square.png */,
				A937F2EDC7A645AA81243384 /* cappuccino_pic_3_square.png */,
				CA7C59FD2728400CB9D9F5B3 /* espresso_pic_1_portrait.png */,
				C9A9038D01D4469180826666 /* espresso_pic_2_portrait.png */,
				88B99161FEE94595A3AF1370 /* espresso_pic_3_portrait.png */,
				B7EC2067E0E440909767F10D /* espresso_pic_1_square.png */,
				6A97506A91F14416AA26C463 /* espresso_pic_2_square.png */,
				64B08C8108DF4A7DBD158AFA /* espresso_pic_3_square.png */,
				48C0A6E85F434E2D93FE3A36 /* excelsa_coffee_beans_portrait.png */,
				4CEEE1EF783A458C8A2AAFD8 /* excelsa_coffee_beans_square.png */,
				22F27C44F80D48A9957A319B /* latte_pic_1_portrait.png */,
				A68B8E76F234464BBD7158A0 /* latte_pic_2_portrait.png */,
				576FE64B26B24E799CC3C5F6 /* latte_pic_3_portrait.png */,
				9BF0FD800C2C457F86F473E3 /* latte_pic_1_square.png */,
				9B42C4C63D244D72ACD6BB49 /* latte_pic_2_square.png */,
				290D1A52A6934B0289CD4858 /* latte_pic_3_square.png */,
				A56173CCA63443EDB48BB02B /* liberica_coffee_beans_portrait.png */,
				804E0CE5B1C34C4DA88210DD /* liberica_coffee_beans_square.png */,
				B55085C299684C24BED107E7 /* macchiato_pic_1_portrait.png */,
				25951890F1464B82A157E90D /* macchiato_pic_2_portrait.png */,
				38D96EDDB74542719574FFED /* macchiato_pic_3_portrait.png */,
				E77439533C164EC2B93834E0 /* macchiato_pic_1_square.png */,
				F267B0E03C914FFF9A056C32 /* macchiato_pic_2_square.png */,
				5B67737F18B54A5288B51EE8 /* macchiato_pic_3_square.png */,
				9DA789FF99EC422088587530 /* robusta_coffee_beans_portrait.png */,
				C7BECBCC5A6D4DBEA10FB97D /* robusta_coffee_beans_square.png */,
			);
			name = Resources;
			sourceTree = "<group>";
			path = "";
		};
/* End PBXGroup section */

/* Begin PBXNativeTarget section */
		00E356ED1AD99517003FC87E /* Coffe_ShopTests */ = {
			isa = PBXNativeTarget;
			buildConfigurationList = 00E357021AD99517003FC87E /* Build configuration list for PBXNativeTarget "Coffe_ShopTests" */;
			buildPhases = (
				A55EABD7B0C7F3A422A6CC61 /* [CP] Check Pods Manifest.lock */,
				00E356EA1AD99517003FC87E /* Sources */,
				00E356EB1AD99517003FC87E /* Frameworks */,
				00E356EC1AD99517003FC87E /* Resources */,
				C59DA0FBD6956966B86A3779 /* [CP] Embed Pods Frameworks */,
				F6A41C54EA430FDDC6A6ED99 /* [CP] Copy Pods Resources */,
			);
			buildRules = (
			);
			dependencies = (
				00E356F51AD99517003FC87E /* PBXTargetDependency */,
			);
			name = Coffe_ShopTests;
			productName = Coffe_ShopTests;
			productReference = 00E356EE1AD99517003FC87E /* Coffe_ShopTests.xctest */;
			productType = "com.apple.product-type.bundle.unit-test";
		};
		13B07F861A680F5B00A75B9A /* Coffe_Shop */ = {
			isa = PBXNativeTarget;
			buildConfigurationList = 13B07F931A680F5B00A75B9A /* Build configuration list for PBXNativeTarget "Coffe_Shop" */;
			buildPhases = (
				C38B50BA6285516D6DCD4F65 /* [CP] Check Pods Manifest.lock */,
				13B07F871A680F5B00A75B9A /* Sources */,
				13B07F8C1A680F5B00A75B9A /* Frameworks */,
				13B07F8E1A680F5B00A75B9A /* Resources */,
				00DD1BFF1BD5951E006B06BC /* Bundle React Native code and images */,
				00EEFC60759A1932668264C0 /* [CP] Embed Pods Frameworks */,
				E235C05ADACE081382539298 /* [CP] Copy Pods Resources */,
			);
			buildRules = (
			);
			dependencies = (
			);
			name = Coffe_Shop;
			productName = Coffe_Shop;
			productReference = 13B07F961A680F5B00A75B9A /* Coffe_Shop.app */;
			productType = "com.apple.product-type.application";
		};
/* End PBXNativeTarget section */

/* Begin PBXProject section */
		83CBB9F71A601CBA00E9B192 /* Project object */ = {
			isa = PBXProject;
			attributes = {
				LastUpgradeCheck = 1210;
				TargetAttributes = {
					00E356ED1AD99517003FC87E = {
						CreatedOnToolsVersion = 6.2;
						TestTargetID = 13B07F861A680F5B00A75B9A;
					};
					13B07F861A680F5B00A75B9A = {
						LastSwiftMigration = 1120;
					};
				};
			};
			buildConfigurationList = 83CBB9FA1A601CBA00E9B192 /* Build configuration list for PBXProject "Coffe_Shop" */;
			compatibilityVersion = "Xcode 12.0";
			developmentRegion = en;
			hasScannedForEncodings = 0;
			knownRegions = (
				en,
				Base,
			);
			mainGroup = 83CBB9F61A601CBA00E9B192;
			productRefGroup = 83CBBA001A601CBA00E9B192 /* Products */;
			projectDirPath = "";
			projectRoot = "";
			targets = (
				13B07F861A680F5B00A75B9A /* Coffe_Shop */,
				00E356ED1AD99517003FC87E /* Coffe_ShopTests */,
			);
		};
/* End PBXProject section */

/* Begin PBXResourcesBuildPhase section */
		00E356EC1AD99517003FC87E /* Resources */ = {
			isa = PBXResourcesBuildPhase;
			buildActionMask = 2147483647;
			files = (
			);
			runOnlyForDeploymentPostprocessing = 0;
		};
		13B07F8E1A680F5B00A75B9A /* Resources */ = {
			isa = PBXResourcesBuildPhase;
			buildActionMask = 2147483647;
			files = (
				81AB9BB82411601600AC10FF /* LaunchScreen.storyboard in Resources */,
				13B07FBF1A68108700A75B9A /* Images.xcassets in Resources */,
				6326CBB52DAB4AE0A30F0E66 /* app_icons.ttf in Resources */,
				21EB76563D514F648260B9AF /* Poppins-Black.ttf in Resources */,
				8B27D279615E4DD2B0D78ABE /* Poppins-Bold.ttf in Resources */,
				19BE780C213143AA915880EF /* Poppins-ExtraBold.ttf in Resources */,
				D2B553E77AB14424B3C8FCF9 /* Poppins-ExtraLight.ttf in Resources */,
				B3C17C99E60A49F5BE064121 /* Poppins-Light.ttf in Resources */,
				9D071081602148139571EA97 /* Poppins-Medium.ttf in Resources */,
				6037FBB4AEF349B789A0E111 /* Poppins-Regular.ttf in Resources */,
				BAAF2EAEF16243B5980F3828 /* Poppins-SemiBold.ttf in Resources */,
				B5BCABE9278B4244AF3A74FB /* Poppins-Thin.ttf in Resources */,
				C0C229D58730455490FF14C8 /* amazonpay.png in Resources */,
				1FEE3D6945054907BAB4663A /* applepay.png in Resources */,
				B28BE4A4BAAC48F08B7EDB22 /* avatar.png in Resources */,
				C34B5D7D121D4F459AD7D894 /* gpay.png in Resources */,
				574EE15BBB6248C9AE16E55F /* americano_pic_1_portrait.png in Resources */,
				D74028BA403B42EFA482036D /* americano_pic_2_portrait.png in Resources */,
				818D77E92BF54CCBAD29A3AD /* americano_pic_3_portrait.png in Resources */,
				4CCA5947FA9A491188D5FA15 /* americano_pic_1_square.png in Resources */,
				DD81A5C3E5394E00A315B911 /* americano_pic_2_square.png in Resources */,
				4123888CB5414C58ABF8816A /* americano_pic_3_square.png in Resources */,
				8608A7AA6E7E4A4885A3C3B8 /* arabica_coffee_beans_portrait.png in Resources */,
				8095F94FD9F841649A4F6BAF /* arabica_coffee_beans_square.png in Resources */,
				3AA4749B236B46158D5FEC8F /* black_coffee_pic_1_portrait.png in Resources */,
				9DCB05588E3F4DD0B43F4901 /* black_coffee_pic_2_portrait.png in Resources */,
				024080B3FF244D22837158AF /* black_coffee_pic_3_portrait.png in Resources */,
				331907445CFC42D59E57D46B /* black_coffee_pic_1_square.png in Resources */,
				87935A78440F4C6C81DFA430 /* black_coffee_pic_2_square.png in Resources */,
				155AB2F9B4464A44953EA03F /* black_coffee_pic_3_square.png in Resources */,
				74F63CC4870042F2B2F688DC /* cappuccino_pic_1_portrait.png in Resources */,
				CD8C8D58DB394036BDF0E64E /* cappuccino_pic_2_portrait.png in Resources */,
				9B96617C74644C23A20ACDA2 /* cappuccino_pic_3_portrait.png in Resources */,
				F794701BC6084C95B0EEDB1C /* cappuccino_pic_1_square.png in Resources */,
				2FEEFE2D4F1F4938B86254CA /* cappuccino_pic_2_square.png in Resources */,
				0C1B720E775A4D7B85CC1E7D /* cappuccino_pic_3_square.png in Resources */,
				4C5493A1CF31493FA725D5B9 /* espresso_pic_1_portrait.png in Resources */,
				B1561113A9A543D48F45BE5A /* espresso_pic_2_portrait.png in Resources */,
				B508CE51164D40629C16878A /* espresso_pic_3_portrait.png in Resources */,
				E0E189A660D14A66BEC0346A /* espresso_pic_1_square.png in Resources */,
				D7FFA5913E9744A282F83BC9 /* espresso_pic_2_square.png in Resources */,
				1848C5994E24479C99B17A76 /* espresso_pic_3_square.png in Resources */,
				4181C7256E284571B0AC2960 /* excelsa_coffee_beans_portrait.png in Resources */,
				972DB0F46D6F4687A81EC537 /* excelsa_coffee_beans_square.png in Resources */,
				1A3E4CB7A07F4A55B414ADDB /* latte_pic_1_portrait.png in Resources */,
				FD6203454A424B58BCEE1753 /* latte_pic_2_portrait.png in Resources */,
				E690F634185D474A9A3515DE /* latte_pic_3_portrait.png in Resources */,
				DFCD3B08DAAE42379D61D0C1 /* latte_pic_1_square.png in Resources */,
				0789C137006045799933C60D /* latte_pic_2_square.png in Resources */,
				5752754354F34FB2AF17A762 /* latte_pic_3_square.png in Resources */,
				41CEA85C80D149A88B9A7B3D /* liberica_coffee_beans_portrait.png in Resources */,
				9D52217CA0144088AE9D535B /* liberica_coffee_beans_square.png in Resources */,
				7CDF693F2324424FBB75736F /* macchiato_pic_1_portrait.png in Resources */,
				935B8CEBE3F647D4B51793CA /* macchiato_pic_2_portrait.png in Resources */,
				EB6583A162EB4FAA9A5AC822 /* macchiato_pic_3_portrait.png in Resources */,
				5AC05D19DD2B48C0BB8FD19A /* macchiato_pic_1_square.png in Resources */,
				D2FEF702653146C5AA5A08BD /* macchiato_pic_2_square.png in Resources */,
				98D1DA76F7A642FEB164230F /* macchiato_pic_3_square.png in Resources */,
				0236F40312F04AD1886E2AF1 /* robusta_coffee_beans_portrait.png in Resources */,
				80D4CFDE2FD942D6B7038B17 /* robusta_coffee_beans_square.png in Resources */,
			);
			runOnlyForDeploymentPostprocessing = 0;
		};
/* End PBXResourcesBuildPhase section */

/* Begin PBXShellScriptBuildPhase section */
		00DD1BFF1BD5951E006B06BC /* Bundle React Native code and images */ = {
			isa = PBXShellScriptBuildPhase;
			buildActionMask = 2147483647;
			files = (
			);
			inputPaths = (
				"$(SRCROOT)/.xcode.env.local",
				"$(SRCROOT)/.xcode.env",
			);
			name = "Bundle React Native code and images";
			outputPaths = (
			);
			runOnlyForDeploymentPostprocessing = 0;
			shellPath = /bin/sh;
			shellScript = "set -e\n\nWITH_ENVIRONMENT=\"../node_modules/react-native/scripts/xcode/with-environment.sh\"\nREACT_NATIVE_XCODE=\"../node_modules/react-native/scripts/react-native-xcode.sh\"\n\n/bin/sh -c \"$WITH_ENVIRONMENT $REACT_NATIVE_XCODE\"\n";
		};
		00EEFC60759A1932668264C0 /* [CP] Embed Pods Frameworks */ = {
			isa = PBXShellScriptBuildPhase;
			buildActionMask = 2147483647;
			files = (
			);
			inputFileListPaths = (
				"${PODS_ROOT}/Target Support Files/Pods-Coffe_Shop/Pods-Coffe_Shop-frameworks-${CONFIGURATION}-input-files.xcfilelist",
			);
			name = "[CP] Embed Pods Frameworks";
			outputFileListPaths = (
				"${PODS_ROOT}/Target Support Files/Pods-Coffe_Shop/Pods-Coffe_Shop-frameworks-${CONFIGURATION}-output-files.xcfilelist",
			);
			runOnlyForDeploymentPostprocessing = 0;
			shellPath = /bin/sh;
			shellScript = "\"${PODS_ROOT}/Target Support Files/Pods-Coffe_Shop/Pods-Coffe_Shop-frameworks.sh\"\n";
			showEnvVarsInLog = 0;
		};
		A55EABD7B0C7F3A422A6CC61 /* [CP] Check Pods Manifest.lock */ = {
			isa = PBXShellScriptBuildPhase;
			buildActionMask = 2147483647;
			files = (
			);
			inputFileListPaths = (
			);
			inputPaths = (
				"${PODS_PODFILE_DIR_PATH}/Podfile.lock",
				"${PODS_ROOT}/Manifest.lock",
			);
			name = "[CP] Check Pods Manifest.lock";
			outputFileListPaths = (
			);
			outputPaths = (
				"$(DERIVED_FILE_DIR)/Pods-Coffe_Shop-Coffe_ShopTests-checkManifestLockResult.txt",
			);
			runOnlyForDeploymentPostprocessing = 0;
			shellPath = /bin/sh;
			shellScript = "diff \"${PODS_PODFILE_DIR_PATH}/Podfile.lock\" \"${PODS_ROOT}/Manifest.lock\" > /dev/null\nif [ $? != 0 ] ; then\n    # print error to STDERR\n    echo \"error: The sandbox is not in sync with the Podfile.lock. Run 'pod install' or update your CocoaPods installation.\" >&2\n    exit 1\nfi\n# This output is used by Xcode 'outputs' to avoid re-running this script phase.\necho \"SUCCESS\" > \"${SCRIPT_OUTPUT_FILE_0}\"\n";
			showEnvVarsInLog = 0;
		};
		C38B50BA6285516D6DCD4F65 /* [CP] Check Pods Manifest.lock */ = {
			isa = PBXShellScriptBuildPhase;
			buildActionMask = 2147483647;
			files = (
			);
			inputFileListPaths = (
			);
			inputPaths = (
				"${PODS_PODFILE_DIR_PATH}/Podfile.lock",
				"${PODS_ROOT}/Manifest.lock",
			);
			name = "[CP] Check Pods Manifest.lock";
			outputFileListPaths = (
			);
			outputPaths = (
				"$(DERIVED_FILE_DIR)/Pods-Coffe_Shop-checkManifestLockResult.txt",
			);
			runOnlyForDeploymentPostprocessing = 0;
			shellPath = /bin/sh;
			shellScript = "diff \"${PODS_PODFILE_DIR_PATH}/Podfile.lock\" \"${PODS_ROOT}/Manifest.lock\" > /dev/null\nif [ $? != 0 ] ; then\n    # print error to STDERR\n    echo \"error: The sandbox is not in sync with the Podfile.lock. Run 'pod install' or update your CocoaPods installation.\" >&2\n    exit 1\nfi\n# This output is used by Xcode 'outputs' to avoid re-running this script phase.\necho \"SUCCESS\" > \"${SCRIPT_OUTPUT_FILE_0}\"\n";
			showEnvVarsInLog = 0;
		};
		C59DA0FBD6956966B86A3779 /* [CP] Embed Pods Frameworks */ = {
			isa = PBXShellScriptBuildPhase;
			buildActionMask = 2147483647;
			files = (
			);
			inputFileListPaths = (
				"${PODS_ROOT}/Target Support Files/Pods-Coffe_Shop-Coffe_ShopTests/Pods-Coffe_Shop-Coffe_ShopTests-frameworks-${CONFIGURATION}-input-files.xcfilelist",
			);
			name = "[CP] Embed Pods Frameworks";
			outputFileListPaths = (
				"${PODS_ROOT}/Target Support Files/Pods-Coffe_Shop-Coffe_ShopTests/Pods-Coffe_Shop-Coffe_ShopTests-frameworks-${CONFIGURATION}-output-files.xcfilelist",
			);
			runOnlyForDeploymentPostprocessing = 0;
			shellPath = /bin/sh;
			shellScript = "\"${PODS_ROOT}/Target Support Files/Pods-Coffe_Shop-Coffe_ShopTests/Pods-Coffe_Shop-Coffe_ShopTests-frameworks.sh\"\n";
			showEnvVarsInLog = 0;
		};
		E235C05ADACE081382539298 /* [CP] Copy Pods Resources */ = {
			isa = PBXShellScriptBuildPhase;
			buildActionMask = 2147483647;
			files = (
			);
			inputFileListPaths = (
				"${PODS_ROOT}/Target Support Files/Pods-Coffe_Shop/Pods-Coffe_Shop-resources-${CONFIGURATION}-input-files.xcfilelist",
			);
			name = "[CP] Copy Pods Resources";
			outputFileListPaths = (
				"${PODS_ROOT}/Target Support Files/Pods-Coffe_Shop/Pods-Coffe_Shop-resources-${CONFIGURATION}-output-files.xcfilelist",
			);
			runOnlyForDeploymentPostprocessing = 0;
			shellPath = /bin/sh;
			shellScript = "\"${PODS_ROOT}/Target Support Files/Pods-Coffe_Shop/Pods-Coffe_Shop-resources.sh\"\n";
			showEnvVarsInLog = 0;
		};
		F6A41C54EA430FDDC6A6ED99 /* [CP] Copy Pods Resources */ = {
			isa = PBXShellScriptBuildPhase;
			buildActionMask = 2147483647;
			files = (
			);
			inputFileListPaths = (
				"${PODS_ROOT}/Target Support Files/Pods-Coffe_Shop-Coffe_ShopTests/Pods-Coffe_Shop-Coffe_ShopTests-resources-${CONFIGURATION}-input-files.xcfilelist",
			);
			name = "[CP] Copy Pods Resources";
			outputFileListPaths = (
				"${PODS_ROOT}/Target Support Files/Pods-Coffe_Shop-Coffe_ShopTests/Pods-Coffe_Shop-Coffe_ShopTests-resources-${CONFIGURATION}-output-files.xcfilelist",
			);
			runOnlyForDeploymentPostprocessing = 0;
			shellPath = /bin/sh;
			shellScript = "\"${PODS_ROOT}/Target Support Files/Pods-Coffe_Shop-Coffe_ShopTests/Pods-Coffe_Shop-Coffe_ShopTests-resources.sh\"\n";
			showEnvVarsInLog = 0;
		};
/* End PBXShellScriptBuildPhase section */

/* Begin PBXSourcesBuildPhase section */
		00E356EA1AD99517003FC87E /* Sources */ = {
			isa = PBXSourcesBuildPhase;
			buildActionMask = 2147483647;
			files = (
				00E356F31AD99517003FC87E /* Coffe_ShopTests.m in Sources */,
			);
			runOnlyForDeploymentPostprocessing = 0;
		};
		13B07F871A680F5B00A75B9A /* Sources */ = {
			isa = PBXSourcesBuildPhase;
			buildActionMask = 2147483647;
			files = (
				13B07FBC1A68108700A75B9A /* AppDelegate.mm in Sources */,
				13B07FC11A68108700A75B9A /* main.m in Sources */,
			);
			runOnlyForDeploymentPostprocessing = 0;
		};
/* End PBXSourcesBuildPhase section */

/* Begin PBXTargetDependency section */
		00E356F51AD99517003FC87E /* PBXTargetDependency */ = {
			isa = PBXTargetDependency;
			target = 13B07F861A680F5B00A75B9A /* Coffe_Shop */;
			targetProxy = 00E356F41AD99517003FC87E /* PBXContainerItemProxy */;
		};
/* End PBXTargetDependency section */

/* Begin XCBuildConfiguration section */
		00E356F61AD99517003FC87E /* Debug */ = {
			isa = XCBuildConfiguration;
			baseConfigurationReference = 5B7EB9410499542E8C5724F5 /* Pods-Coffe_Shop-Coffe_ShopTests.debug.xcconfig */;
			buildSettings = {
				BUNDLE_LOADER = "$(TEST_HOST)";
				GCC_PREPROCESSOR_DEFINITIONS = (
					"DEBUG=1",
					"$(inherited)",
				);
				INFOPLIST_FILE = Coffe_ShopTests/Info.plist;
				IPHONEOS_DEPLOYMENT_TARGET = 13.4;
				LD_RUNPATH_SEARCH_PATHS = (
					"$(inherited)",
					"@executable_path/Frameworks",
					"@loader_path/Frameworks",
				);
				OTHER_LDFLAGS = (
					"-ObjC",
					"-lc++",
					"$(inherited)",
				);
				PRODUCT_BUNDLE_IDENTIFIER = "org.reactjs.native.example.$(PRODUCT_NAME:rfc1034identifier)";
				PRODUCT_NAME = "$(TARGET_NAME)";
				TEST_HOST = "$(BUILT_PRODUCTS_DIR)/Coffe_Shop.app/Coffe_Shop";
			};
			name = Debug;
		};
		00E356F71AD99517003FC87E /* Release */ = {
			isa = XCBuildConfiguration;
			baseConfigurationReference = 89C6BE57DB24E9ADA2F236DE /* Pods-Coffe_Shop-Coffe_ShopTests.release.xcconfig */;
			buildSettings = {
				BUNDLE_LOADER = "$(TEST_HOST)";
				COPY_PHASE_STRIP = NO;
				INFOPLIST_FILE = Coffe_ShopTests/Info.plist;
				IPHONEOS_DEPLOYMENT_TARGET = 13.4;
				LD_RUNPATH_SEARCH_PATHS = (
					"$(inherited)",
					"@executable_path/Frameworks",
					"@loader_path/Frameworks",
				);
				OTHER_LDFLAGS = (
					"-ObjC",
					"-lc++",
					"$(inherited)",
				);
				PRODUCT_BUNDLE_IDENTIFIER = "org.reactjs.native.example.$(PRODUCT_NAME:rfc1034identifier)";
				PRODUCT_NAME = "$(TARGET_NAME)";
				TEST_HOST = "$(BUILT_PRODUCTS_DIR)/Coffe_Shop.app/Coffe_Shop";
			};
			name = Release;
		};
		13B07F941A680F5B00A75B9A /* Debug */ = {
			isa = XCBuildConfiguration;
			baseConfigurationReference = 3B4392A12AC88292D35C810B /* Pods-Coffe_Shop.debug.xcconfig */;
			buildSettings = {
				ASSETCATALOG_COMPILER_APPICON_NAME = AppIcon;
				CLANG_ENABLE_MODULES = YES;
				CURRENT_PROJECT_VERSION = 1;
				ENABLE_BITCODE = NO;
				INFOPLIST_FILE = Coffe_Shop/Info.plist;
				LD_RUNPATH_SEARCH_PATHS = (
					"$(inherited)",
					"@executable_path/Frameworks",
				);
				MARKETING_VERSION = 1.0;
				OTHER_LDFLAGS = (
					"$(inherited)",
					"-ObjC",
					"-lc++",
				);
				PRODUCT_BUNDLE_IDENTIFIER = "org.reactjs.native.example.$(PRODUCT_NAME:rfc1034identifier)";
				PRODUCT_NAME = Coffe_Shop;
				SWIFT_OPTIMIZATION_LEVEL = "-Onone";
				SWIFT_VERSION = 5.0;
				VERSIONING_SYSTEM = "apple-generic";
			};
			name = Debug;
		};
		13B07F951A680F5B00A75B9A /* Release */ = {
			isa = XCBuildConfiguration;
			baseConfigurationReference = 5709B34CF0A7D63546082F79 /* Pods-Coffe_Shop.release.xcconfig */;
			buildSettings = {
				ASSETCATALOG_COMPILER_APPICON_NAME = AppIcon;
				CLANG_ENABLE_MODULES = YES;
				CURRENT_PROJECT_VERSION = 1;
				INFOPLIST_FILE = Coffe_Shop/Info.plist;
				LD_RUNPATH_SEARCH_PATHS = (
					"$(inherited)",
					"@executable_path/Frameworks",
				);
				MARKETING_VERSION = 1.0;
				OTHER_LDFLAGS = (
					"$(inherited)",
					"-ObjC",
					"-lc++",
				);
				PRODUCT_BUNDLE_IDENTIFIER = "org.reactjs.native.example.$(PRODUCT_NAME:rfc1034identifier)";
				PRODUCT_NAME = Coffe_Shop;
				SWIFT_VERSION = 5.0;
				VERSIONING_SYSTEM = "apple-generic";
			};
			name = Release;
		};
		83CBBA201A601CBA00E9B192 /* Debug */ = {
			isa = XCBuildConfiguration;
			buildSettings = {
				ALWAYS_SEARCH_USER_PATHS = NO;
				CLANG_ANALYZER_LOCALIZABILITY_NONLOCALIZED = YES;
				CLANG_CXX_LANGUAGE_STANDARD = "c++20";
				CLANG_CXX_LIBRARY = "libc++";
				CLANG_ENABLE_MODULES = YES;
				CLANG_ENABLE_OBJC_ARC = YES;
				CLANG_WARN_BLOCK_CAPTURE_AUTORELEASING = YES;
				CLANG_WARN_BOOL_CONVERSION = YES;
				CLANG_WARN_COMMA = YES;
				CLANG_WARN_CONSTANT_CONVERSION = YES;
				CLANG_WARN_DEPRECATED_OBJC_IMPLEMENTATIONS = YES;
				CLANG_WARN_DIRECT_OBJC_ISA_USAGE = YES_ERROR;
				CLANG_WARN_EMPTY_BODY = YES;
				CLANG_WARN_ENUM_CONVERSION = YES;
				CLANG_WARN_INFINITE_RECURSION = YES;
				CLANG_WARN_INT_CONVERSION = YES;
				CLANG_WARN_NON_LITERAL_NULL_CONVERSION = YES;
				CLANG_WARN_OBJC_IMPLICIT_RETAIN_SELF = YES;
				CLANG_WARN_OBJC_LITERAL_CONVERSION = YES;
				CLANG_WARN_OBJC_ROOT_CLASS = YES_ERROR;
				CLANG_WARN_QUOTED_INCLUDE_IN_FRAMEWORK_HEADER = YES;
				CLANG_WARN_RANGE_LOOP_ANALYSIS = YES;
				CLANG_WARN_STRICT_PROTOTYPES = YES;
				CLANG_WARN_SUSPICIOUS_MOVE = YES;
				CLANG_WARN_UNREACHABLE_CODE = YES;
				CLANG_WARN__DUPLICATE_METHOD_MATCH = YES;
				"CODE_SIGN_IDENTITY[sdk=iphoneos*]" = "iPhone Developer";
				COPY_PHASE_STRIP = NO;
				ENABLE_STRICT_OBJC_MSGSEND = YES;
				ENABLE_TESTABILITY = YES;
				"EXCLUDED_ARCHS[sdk=iphonesimulator*]" = "";
				GCC_C_LANGUAGE_STANDARD = gnu99;
				GCC_DYNAMIC_NO_PIC = NO;
				GCC_NO_COMMON_BLOCKS = YES;
				GCC_OPTIMIZATION_LEVEL = 0;
				GCC_PREPROCESSOR_DEFINITIONS = (
					"DEBUG=1",
					"$(inherited)",
				);
				GCC_SYMBOLS_PRIVATE_EXTERN = NO;
				GCC_WARN_64_TO_32_BIT_CONVERSION = YES;
				GCC_WARN_ABOUT_RETURN_TYPE = YES_ERROR;
				GCC_WARN_UNDECLARED_SELECTOR = YES;
				GCC_WARN_UNINITIALIZED_AUTOS = YES_AGGRESSIVE;
				GCC_WARN_UNUSED_FUNCTION = YES;
				GCC_WARN_UNUSED_VARIABLE = YES;
				IPHONEOS_DEPLOYMENT_TARGET = 13.4;
				LD_RUNPATH_SEARCH_PATHS = (
					/usr/lib/swift,
					"$(inherited)",
				);
				LIBRARY_SEARCH_PATHS = (
					"\"$(SDKROOT)/usr/lib/swift\"",
					"\"$(TOOLCHAIN_DIR)/usr/lib/swift/$(PLATFORM_NAME)\"",
					"\"$(inherited)\"",
				);
				MTL_ENABLE_DEBUG_INFO = YES;
				ONLY_ACTIVE_ARCH = YES;
				OTHER_CPLUSPLUSFLAGS = (
					"$(OTHER_CFLAGS)",
					"-DFOLLY_NO_CONFIG",
					"-DFOLLY_MOBILE=1",
					"-DFOLLY_USE_LIBCPP=1",
					"-DFOLLY_CFG_NO_COROUTINES=1",
				);
				SDKROOT = iphoneos;
			};
			name = Debug;
		};
		83CBBA211A601CBA00E9B192 /* Release */ = {
			isa = XCBuildConfiguration;
			buildSettings = {
				ALWAYS_SEARCH_USER_PATHS = NO;
				CLANG_ANALYZER_LOCALIZABILITY_NONLOCALIZED = YES;
				CLANG_CXX_LANGUAGE_STANDARD = "c++20";
				CLANG_CXX_LIBRARY = "libc++";
				CLANG_ENABLE_MODULES = YES;
				CLANG_ENABLE_OBJC_ARC = YES;
				CLANG_WARN_BLOCK_CAPTURE_AUTORELEASING = YES;
				CLANG_WARN_BOOL_CONVERSION = YES;
				CLANG_WARN_COMMA = YES;
				CLANG_WARN_CONSTANT_CONVERSION = YES;
				CLANG_WARN_DEPRECATED_OBJC_IMPLEMENTATIONS = YES;
				CLANG_WARN_DIRECT_OBJC_ISA_USAGE = YES_ERROR;
				CLANG_WARN_EMPTY_BODY = YES;
				CLANG_WARN_ENUM_CONVERSION = YES;
				CLANG_WARN_INFINITE_RECURSION = YES;
				CLANG_WARN_INT_CONVERSION = YES;
				CLANG_WARN_NON_LITERAL_NULL_CONVERSION = YES;
				CLANG_WARN_OBJC_IMPLICIT_RETAIN_SELF = YES;
				CLANG_WARN_OBJC_LITERAL_CONVERSION = YES;
				CLANG_WARN_OBJC_ROOT_CLASS = YES_ERROR;
				CLANG_WARN_QUOTED_INCLUDE_IN_FRAMEWORK_HEADER = YES;
				CLANG_WARN_RANGE_LOOP_ANALYSIS = YES;
				CLANG_WARN_STRICT_PROTOTYPES = YES;
				CLANG_WARN_SUSPICIOUS_MOVE = YES;
				CLANG_WARN_UNREACHABLE_CODE = YES;
				CLANG_WARN__DUPLICATE_METHOD_MATCH = YES;
				"CODE_SIGN_IDENTITY[sdk=iphoneos*]" = "iPhone Developer";
				COPY_PHASE_STRIP = YES;
				ENABLE_NS_ASSERTIONS = NO;
				ENABLE_STRICT_OBJC_MSGSEND = YES;
				"EXCLUDED_ARCHS[sdk=iphonesimulator*]" = "";
				GCC_C_LANGUAGE_STANDARD = gnu99;
				GCC_NO_COMMON_BLOCKS = YES;
				GCC_WARN_64_TO_32_BIT_CONVERSION = YES;
				GCC_WARN_ABOUT_RETURN_TYPE = YES_ERROR;
				GCC_WARN_UNDECLARED_SELECTOR = YES;
				GCC_WARN_UNINITIALIZED_AUTOS = YES_AGGRESSIVE;
				GCC_WARN_UNUSED_FUNCTION = YES;
				GCC_WARN_UNUSED_VARIABLE = YES;
				IPHONEOS_DEPLOYMENT_TARGET = 13.4;
				LD_RUNPATH_SEARCH_PATHS = (
					/usr/lib/swift,
					"$(inherited)",
				);
				LIBRARY_SEARCH_PATHS = (
					"\"$(SDKROOT)/usr/lib/swift\"",
					"\"$(TOOLCHAIN_DIR)/usr/lib/swift/$(PLATFORM_NAME)\"",
					"\"$(inherited)\"",
				);
				MTL_ENABLE_DEBUG_INFO = NO;
				OTHER_CPLUSPLUSFLAGS = (
					"$(OTHER_CFLAGS)",
					"-DFOLLY_NO_CONFIG",
					"-DFOLLY_MOBILE=1",
					"-DFOLLY_USE_LIBCPP=1",
					"-DFOLLY_CFG_NO_COROUTINES=1",
				);
				SDKROOT = iphoneos;
				VALIDATE_PRODUCT = YES;
			};
			name = Release;
		};
/* End XCBuildConfiguration section */

/* Begin XCConfigurationList section */
		00E357021AD99517003FC87E /* Build configuration list for PBXNativeTarget "Coffe_ShopTests" */ = {
			isa = XCConfigurationList;
			buildConfigurations = (
				00E356F61AD99517003FC87E /* Debug */,
				00E356F71AD99517003FC87E /* Release */,
			);
			defaultConfigurationIsVisible = 0;
			defaultConfigurationName = Release;
		};
		13B07F931A680F5B00A75B9A /* Build configuration list for PBXNativeTarget "Coffe_Shop" */ = {
			isa = XCConfigurationList;
			buildConfigurations = (
				13B07F941A680F5B00A75B9A /* Debug */,
				13B07F951A680F5B00A75B9A /* Release */,
			);
			defaultConfigurationIsVisible = 0;
			defaultConfigurationName = Release;
		};
		83CBB9FA1A601CBA00E9B192 /* Build configuration list for PBXProject "Coffe_Shop" */ = {
			isa = XCConfigurationList;
			buildConfigurations = (
				83CBBA201A601CBA00E9B192 /* Debug */,
				83CBBA211A601CBA00E9B192 /* Release */,
			);
			defaultConfigurationIsVisible = 0;
			defaultConfigurationName = Release;
		};
/* End XCConfigurationList section */
	};
	rootObject = 83CBB9F71A601CBA00E9B192 /* Project object */;
}
